
Microsoft Visual Studio Solution File, Format Version 12.00
# Visual Studio Version 16
VisualStudioVersion = 16.0.31313.79
MinimumVisualStudioVersion = 10.0.40219.1
Project("{9A19103F-16F7-4668-BE54-9A1E7A4F7556}") = "Web", "Web.csproj", "{8CD6058E-72B8-48C1-AE50-3C7EDFA99413}"
EndProject
Global
	GlobalSection(SolutionConfigurationPlatforms) = preSolution
		Debug|Any CPU = Debug|Any CPU
		Release|Any CPU = Release|Any CPU
	EndGlobalSection
	GlobalSection(ProjectConfigurationPlatforms) = postSolution
		{8CD6058E-72B8-48C1-AE50-3C7EDFA99413}.Debug|Any CPU.ActiveCfg = Debug|Any CPU
		{8CD6058E-72B8-48C1-AE50-3C7EDFA99413}.Debug|Any CPU.Build.0 = Debug|Any CPU
		{8CD6058E-72B8-48C1-AE50-3C7EDFA99413}.Release|Any CPU.ActiveCfg = Release|Any CPU
		{8CD6058E-72B8-48C1-AE50-3C7EDFA99413}.Release|Any CPU.Build.0 = Release|Any CPU
	EndGlobalSection
	GlobalSection(SolutionProperties) = preSolution
		HideSolutionNode = FALSE
	EndGlobalSection
	GlobalSection(ExtensibilityGlobals) = postSolution
		SolutionGuid = {7A6DA8ED-1DE6-42E6-8229-6B5B521DC42A}
	EndGlobalSection
EndGlobal
